// !$*UTF8*$!
{
	archiveVersion = 1;
	classes = {
	};
	objectVersion = 77;
	objects = {

/* Begin PBXBuildFile section */
		885A87AC2DA7FC0400717DB5 /* MediaServices in Frameworks */ = {isa = PBXBuildFile; productRef = 885A87AB2DA7FC0400717DB5 /* MediaServices */; };
		885A87B02DAFFA8500717DB5 /* StorageServices in Frameworks */ = {isa = PBXBuildFile; productRef = 885A87AF2DAFFA8500717DB5 /* StorageServices */; };
/* End PBXBuildFile section */

/* Begin PBXContainerItemProxy section */
		EF2CDD6C2DA485CE00859F2F /* PBXContainerItemProxy */ = {
			isa = PBXContainerItemProxy;
			containerPortal = EF2CDD552DA485CD00859F2F /* Project object */;
			proxyType = 1;
			remoteGlobalIDString = EF2CDD5C2DA485CD00859F2F;
			remoteInfo = RosettaFinSampleApp;
		};
		EF2CDD762DA485CE00859F2F /* PBXContainerItemProxy */ = {
			isa = PBXContainerItemProxy;
			containerPortal = EF2CDD552DA485CD00859F2F /* Project object */;
			proxyType = 1;
			remoteGlobalIDString = EF2CDD5C2DA485CD00859F2F;
			remoteInfo = RosettaFinSampleApp;
		};
/* End PBXContainerItemProxy section */

/* Begin PBXFileReference section */
		885A87A92DA7DEBB00717DB5 /* MediaServices */ = {isa = PBXFileReference; lastKnownFileType = wrapper; path = MediaServices; sourceTree = "<group>"; };
		885A87AD2DA9707F00717DB5 /* DataModels */ = {isa = PBXFileReference; lastKnownFileType = wrapper; path = DataModels; sourceTree = "<group>"; };
		885A87AE2DAFF89400717DB5 /* StorageServices */ = {isa = PBXFileReference; lastKnownFileType = wrapper; path = StorageServices; sourceTree = "<group>"; };
		EF2CDD5D2DA485CD00859F2F /* RosettaFinSampleApp.app */ = {isa = PBXFileReference; explicitFileType = wrapper.application; includeInIndex = 0; path = RosettaFinSampleApp.app; sourceTree = BUILT_PRODUCTS_DIR; };
		EF2CDD6B2DA485CE00859F2F /* RosettaFinSampleAppTests.xctest */ = {isa = PBXFileReference; explicitFileType = wrapper.cfbundle; includeInIndex = 0; path = RosettaFinSampleAppTests.xctest; sourceTree = BUILT_PRODUCTS_DIR; };
		EF2CDD752DA485CE00859F2F /* RosettaFinSampleAppUITests.xctest */ = {isa = PBXFileReference; explicitFileType = wrapper.cfbundle; includeInIndex = 0; path = RosettaFinSampleAppUITests.xctest; sourceTree = BUILT_PRODUCTS_DIR; };
/* End PBXFileReference section */

/* Begin PBXFileSystemSynchronizedRootGroup section */
		EF2CDD5F2DA485CD00859F2F /* RosettaFinSampleApp */ = {
			isa = PBXFileSystemSynchronizedRootGroup;
			path = RosettaFinSampleApp;
			sourceTree = "<group>";
		};
		EF2CDD6E2DA485CE00859F2F /* RosettaFinSampleAppTests */ = {
			isa = PBXFileSystemSynchronizedRootGroup;
			path = RosettaFinSampleAppTests;
			sourceTree = "<group>";
		};
		EF2CDD782DA485CE00859F2F /* RosettaFinSampleAppUITests */ = {
			isa = PBXFileSystemSynchronizedRootGroup;
			path = RosettaFinSampleAppUITests;
			sourceTree = "<group>";
		};
/* End PBXFileSystemSynchronizedRootGroup section */

/* Begin PBXFrameworksBuildPhase section */
		EF2CDD5A2DA485CD00859F2F /* Frameworks */ = {
			isa = PBXFrameworksBuildPhase;
			buildActionMask = 2147483647;
			files = (
				885A87B02DAFFA8500717DB5 /* StorageServices in Frameworks */,
				885A87AC2DA7FC0400717DB5 /* MediaServices in Frameworks */,
			);
			runOnlyForDeploymentPostprocessing = 0;
		};
		EF2CDD682DA485CE00859F2F /* Frameworks */ = {
			isa = PBXFrameworksBuildPhase;
			buildActionMask = 2147483647;
			files = (
			);
			runOnlyForDeploymentPostprocessing = 0;
		};
		EF2CDD722DA485CE00859F2F /* Frameworks */ = {
			isa = PBXFrameworksBuildPhase;
			buildActionMask = 2147483647;
			files = (
			);
			runOnlyForDeploymentPostprocessing = 0;
		};
/* End PBXFrameworksBuildPhase section */

/* Begin PBXGroup section */
		885A87AA2DA7FBFF00717DB5 /* Frameworks */ = {
			isa = PBXGroup;
			children = (
			);
			name = Frameworks;
			sourceTree = "<group>";
		};
		EF2CDD542DA485CD00859F2F = {
			isa = PBXGroup;
			children = (
				885A87AE2DAFF89400717DB5 /* StorageServices */,
				885A87AD2DA9707F00717DB5 /* DataModels */,
				885A87A92DA7DEBB00717DB5 /* MediaServices */,
				EF2CDD5F2DA485CD00859F2F /* RosettaFinSampleApp */,
				EF2CDD6E2DA485CE00859F2F /* RosettaFinSampleAppTests */,
				EF2CDD782DA485CE00859F2F /* RosettaFinSampleAppUITests */,
				885A87AA2DA7FBFF00717DB5 /* Frameworks */,
				EF2CDD5E2DA485CD00859F2F /* Products */,
			);
			sourceTree = "<group>";
		};
		EF2CDD5E2DA485CD00859F2F /* Products */ = {
			isa = PBXGroup;
			children = (
				EF2CDD5D2DA485CD00859F2F /* RosettaFinSampleApp.app */,
				EF2CDD6B2DA485CE00859F2F /* RosettaFinSampleAppTests.xctest */,
				EF2CDD752DA485CE00859F2F /* RosettaFinSampleAppUITests.xctest */,
			);
			name = Products;
			sourceTree = "<group>";
		};
/* End PBXGroup section */

/* Begin PBXNativeTarget section */
		EF2CDD5C2DA485CD00859F2F /* RosettaFinSampleApp */ = {
			isa = PBXNativeTarget;
			buildConfigurationList = EF2CDD7F2DA485CE00859F2F /* Build configuration list for PBXNativeTarget "RosettaFinSampleApp" */;
			buildPhases = (
				EF2CDD592DA485CD00859F2F /* Sources */,
				EF2CDD5A2DA485CD00859F2F /* Frameworks */,
				EF2CDD5B2DA485CD00859F2F /* Resources */,
			);
			buildRules = (
			);
			dependencies = (
			);
			fileSystemSynchronizedGroups = (
				EF2CDD5F2DA485CD00859F2F /* RosettaFinSampleApp */,
			);
			name = RosettaFinSampleApp;
			packageProductDependencies = (
				885A87AB2DA7FC0400717DB5 /* MediaServices */,
				885A87AF2DAFFA8500717DB5 /* StorageServices */,
			);
			productName = RosettaFinSampleApp;
			productReference = EF2CDD5D2DA485CD00859F2F /* RosettaFinSampleApp.app */;
			productType = "com.apple.product-type.application";
		};
		EF2CDD6A2DA485CE00859F2F /* RosettaFinSampleAppTests */ = {
			isa = PBXNativeTarget;
			buildConfigurationList = EF2CDD822DA485CE00859F2F /* Build configuration list for PBXNativeTarget "RosettaFinSampleAppTests" */;
			buildPhases = (
				EF2CDD672DA485CE00859F2F /* Sources */,
				EF2CDD682DA485CE00859F2F /* Frameworks */,
				EF2CDD692DA485CE00859F2F /* Resources */,
			);
			buildRules = (
			);
			dependencies = (
				EF2CDD6D2DA485CE00859F2F /* PBXTargetDependency */,
			);
			fileSystemSynchronizedGroups = (
				EF2CDD6E2DA485CE00859F2F /* RosettaFinSampleAppTests */,
			);
			name = RosettaFinSampleAppTests;
			packageProductDependencies = (
			);
			productName = RosettaFinSampleAppTests;
			productReference = EF2CDD6B2DA485CE00859F2F /* RosettaFinSampleAppTests.xctest */;
			productType = "com.apple.product-type.bundle.unit-test";
		};
		EF2CDD742DA485CE00859F2F /* RosettaFinSampleAppUITests */ = {
			isa = PBXNativeTarget;
			buildConfigurationList = EF2CDD852DA485CE00859F2F /* Build configuration list for PBXNativeTarget "RosettaFinSampleAppUITests" */;
			buildPhases = (
				EF2CDD712DA485CE00859F2F /* Sources */,
				EF2CDD722DA485CE00859F2F /* Frameworks */,
				EF2CDD732DA485CE00859F2F /* Resources */,
			);
			buildRules = (
			);
			dependencies = (
				EF2CDD772DA485CE00859F2F /* PBXTargetDependency */,
			);
			fileSystemSynchronizedGroups = (
				EF2CDD782DA485CE00859F2F /* RosettaFinSampleAppUITests */,
			);
			name = RosettaFinSampleAppUITests;
			packageProductDependencies = (
			);
			productName = RosettaFinSampleAppUITests;
			productReference = EF2CDD752DA485CE00859F2F /* RosettaFinSampleAppUITests.xctest */;
			productType = "com.apple.product-type.bundle.ui-testing";
		};
/* End PBXNativeTarget section */

/* Begin PBXProject section */
		EF2CDD552DA485CD00859F2F /* Project object */ = {
			isa = PBXProject;
			attributes = {
				BuildIndependentTargetsInParallel = 1;
				LastSwiftUpdateCheck = 1630;
				LastUpgradeCheck = 1630;
				TargetAttributes = {
					EF2CDD5C2DA485CD00859F2F = {
						CreatedOnToolsVersion = 16.3;
					};
					EF2CDD6A2DA485CE00859F2F = {
						CreatedOnToolsVersion = 16.3;
						TestTargetID = EF2CDD5C2DA485CD00859F2F;
					};
					EF2CDD742DA485CE00859F2F = {
						CreatedOnToolsVersion = 16.3;
						TestTargetID = EF2CDD5C2DA485CD00859F2F;
					};
				};
			};
			buildConfigurationList = EF2CDD582DA485CD00859F2F /* Build configuration list for PBXProject "RosettaFinSampleApp" */;
			developmentRegion = en;
			hasScannedForEncodings = 0;
			knownRegions = (
				en,
				Base,
			);
			mainGroup = EF2CDD542DA485CD00859F2F;
			minimizedProjectReferenceProxies = 1;
			packageReferences = (
			);
			preferredProjectObjectVersion = 77;
			productRefGroup = EF2CDD5E2DA485CD00859F2F /* Products */;
			projectDirPath = "";
			projectRoot = "";
			targets = (
				EF2CDD5C2DA485CD00859F2F /* RosettaFinSampleApp */,
				EF2CDD6A2DA485CE00859F2F /* RosettaFinSampleAppTests */,
				EF2CDD742DA485CE00859F2F /* RosettaFinSampleAppUITests */,
			);
		};
/* End PBXProject section */

/* Begin PBXResourcesBuildPhase section */
		EF2CDD5B2DA485CD00859F2F /* Resources */ = {
			isa = PBXResourcesBuildPhase;
			buildActionMask = 2147483647;
			files = (
			);
			runOnlyForDeploymentPostprocessing = 0;
		};
		EF2CDD692DA485CE00859F2F /* Resources */ = {
			isa = PBXResourcesBuildPhase;
			buildActionMask = 2147483647;
			files = (
			);
			runOnlyForDeploymentPostprocessing = 0;
		};
		EF2CDD732DA485CE00859F2F /* Resources */ = {
			isa = PBXResourcesBuildPhase;
			buildActionMask = 2147483647;
			files = (
			);
			runOnlyForDeploymentPostprocessing = 0;
		};
/* End PBXResourcesBuildPhase section */

/* Begin PBXSourcesBuildPhase section */
		EF2CDD592DA485CD00859F2F /* Sources */ = {
			isa = PBXSourcesBuildPhase;
			buildActionMask = 2147483647;
			files = (
			);
			runOnlyForDeploymentPostprocessing = 0;
		};
		EF2CDD672DA485CE00859F2F /* Sources */ = {
			isa = PBXSourcesBuildPhase;
			buildActionMask = 2147483647;
			files = (
			);
			runOnlyForDeploymentPostprocessing = 0;
		};
		EF2CDD712DA485CE00859F2F /* Sources */ = {
			isa = PBXSourcesBuildPhase;
			buildActionMask = 2147483647;
			files = (
			);
			runOnlyForDeploymentPostprocessing = 0;
		};
/* End PBXSourcesBuildPhase section */

/* Begin PBXTargetDependency section */
		EF2CDD6D2DA485CE00859F2F /* PBXTargetDependency */ = {
			isa = PBXTargetDependency;
			target = EF2CDD5C2DA485CD00859F2F /* RosettaFinSampleApp */;
			targetProxy = EF2CDD6C2DA485CE00859F2F /* PBXContainerItemProxy */;
		};
		EF2CDD772DA485CE00859F2F /* PBXTargetDependency */ = {
			isa = PBXTargetDependency;
			target = EF2CDD5C2DA485CD00859F2F /* RosettaFinSampleApp */;
			targetProxy = EF2CDD762DA485CE00859F2F /* PBXContainerItemProxy */;
		};
/* End PBXTargetDependency section */

/* Begin XCBuildConfiguration section */
		EF2CDD7D2DA485CE00859F2F /* Debug */ = {
			isa = XCBuildConfiguration;
			buildSettings = {
				ALWAYS_SEARCH_USER_PATHS = NO;
				ASSETCATALOG_COMPILER_GENERATE_SWIFT_ASSET_SYMBOL_EXTENSIONS = YES;
				CLANG_ANALYZER_NONNULL = YES;
				CLANG_ANALYZER_NUMBER_OBJECT_CONVERSION = YES_AGGRESSIVE;
				CLANG_CXX_LANGUAGE_STANDARD = "gnu++20";
				CLANG_ENABLE_MODULES = YES;
				CLANG_ENABLE_OBJC_ARC = YES;
				CLANG_ENABLE_OBJC_WEAK = YES;
				CLANG_WARN_BLOCK_CAPTURE_AUTORELEASING = YES;
				CLANG_WARN_BOOL_CONVERSION = YES;
				CLANG_WARN_COMMA = YES;
				CLANG_WARN_CONSTANT_CONVERSION = YES;
				CLANG_WARN_DEPRECATED_OBJC_IMPLEMENTATIONS = YES;
				CLANG_WARN_DIRECT_OBJC_ISA_USAGE = YES_ERROR;
				CLANG_WARN_DOCUMENTATION_COMMENTS = YES;
				CLANG_WARN_EMPTY_BODY = YES;
				CLANG_WARN_ENUM_CONVERSION = YES;
				CLANG_WARN_INFINITE_RECURSION = YES;
				CLANG_WARN_INT_CONVERSION = YES;
				CLANG_WARN_NON_LITERAL_NULL_CONVERSION = YES;
				CLANG_WARN_OBJC_IMPLICIT_RETAIN_SELF = YES;
				CLANG_WARN_OBJC_LITERAL_CONVERSION = YES;
				CLANG_WARN_OBJC_ROOT_CLASS = YES_ERROR;
				CLANG_WARN_QUOTED_INCLUDE_IN_FRAMEWORK_HEADER = YES;
				CLANG_WARN_RANGE_LOOP_ANALYSIS = YES;
				CLANG_WARN_STRICT_PROTOTYPES = YES;
				CLANG_WARN_SUSPICIOUS_MOVE = YES;
				CLANG_WARN_UNGUARDED_AVAILABILITY = YES_AGGRESSIVE;
				CLANG_WARN_UNREACHABLE_CODE = YES;
				CLANG_WARN__DUPLICATE_METHOD_MATCH = YES;
				COPY_PHASE_STRIP = NO;
				DEBUG_INFORMATION_FORMAT = dwarf;
				DEVELOPMENT_TEAM = 63F4D7KM8P;
				ENABLE_STRICT_OBJC_MSGSEND = YES;
				ENABLE_TESTABILITY = YES;
				ENABLE_USER_SCRIPT_SANDBOXING = YES;
				GCC_C_LANGUAGE_STANDARD = gnu17;
				GCC_DYNAMIC_NO_PIC = NO;
				GCC_NO_COMMON_BLOCKS = YES;
				GCC_OPTIMIZATION_LEVEL = 0;
				GCC_PREPROCESSOR_DEFINITIONS = (
					"DEBUG=1",
					"$(inherited)",
				);
				GCC_WARN_64_TO_32_BIT_CONVERSION = YES;
				GCC_WARN_ABOUT_RETURN_TYPE = YES_ERROR;
				GCC_WARN_UNDECLARED_SELECTOR = YES;
				GCC_WARN_UNINITIALIZED_AUTOS = YES_AGGRESSIVE;
				GCC_WARN_UNUSED_FUNCTION = YES;
				GCC_WARN_UNUSED_VARIABLE = YES;
				LOCALIZATION_PREFERS_STRING_CATALOGS = YES;
				MTL_ENABLE_DEBUG_INFO = INCLUDE_SOURCE;
				MTL_FAST_MATH = YES;
				ONLY_ACTIVE_ARCH = YES;
				SWIFT_ACTIVE_COMPILATION_CONDITIONS = "DEBUG $(inherited)";
				SWIFT_OPTIMIZATION_LEVEL = "-Onone";
			};
			name = Debug;
		};
		EF2CDD7E2DA485CE00859F2F /* Release */ = {
			isa = XCBuildConfiguration;
			buildSettings = {
				ALWAYS_SEARCH_USER_PATHS = NO;
				ASSETCATALOG_COMPILER_GENERATE_SWIFT_ASSET_SYMBOL_EXTENSIONS = YES;
				CLANG_ANALYZER_NONNULL = YES;
				CLANG_ANALYZER_NUMBER_OBJECT_CONVERSION = YES_AGGRESSIVE;
				CLANG_CXX_LANGUAGE_STANDARD = "gnu++20";
				CLANG_ENABLE_MODULES = YES;
				CLANG_ENABLE_OBJC_ARC = YES;
				CLANG_ENABLE_OBJC_WEAK = YES;
				CLANG_WARN_BLOCK_CAPTURE_AUTORELEASING = YES;
				CLANG_WARN_BOOL_CONVERSION = YES;
				CLANG_WARN_COMMA = YES;
				CLANG_WARN_CONSTANT_CONVERSION = YES;
				CLANG_WARN_DEPRECATED_OBJC_IMPLEMENTATIONS = YES;
				CLANG_WARN_DIRECT_OBJC_ISA_USAGE = YES_ERROR;
				CLANG_WARN_DOCUMENTATION_COMMENTS = YES;
				CLANG_WARN_EMPTY_BODY = YES;
				CLANG_WARN_ENUM_CONVERSION = YES;
				CLANG_WARN_INFINITE_RECURSION = YES;
				CLANG_WARN_INT_CONVERSION = YES;
				CLANG_WARN_NON_LITERAL_NULL_CONVERSION = YES;
				CLANG_WARN_OBJC_IMPLICIT_RETAIN_SELF = YES;
				CLANG_WARN_OBJC_LITERAL_CONVERSION = YES;
				CLANG_WARN_OBJC_ROOT_CLASS = YES_ERROR;
				CLANG_WARN_QUOTED_INCLUDE_IN_FRAMEWORK_HEADER = YES;
				CLANG_WARN_RANGE_LOOP_ANALYSIS = YES;
				CLANG_WARN_STRICT_PROTOTYPES = YES;
				CLANG_WARN_SUSPICIOUS_MOVE = YES;
				CLANG_WARN_UNGUARDED_AVAILABILITY = YES_AGGRESSIVE;
				CLANG_WARN_UNREACHABLE_CODE = YES;
				CLANG_WARN__DUPLICATE_METHOD_MATCH = YES;
				COPY_PHASE_STRIP = NO;
				DEBUG_INFORMATION_FORMAT = "dwarf-with-dsym";
				DEVELOPMENT_TEAM = 63F4D7KM8P;
				ENABLE_NS_ASSERTIONS = NO;
				ENABLE_STRICT_OBJC_MSGSEND = YES;
				ENABLE_USER_SCRIPT_SANDBOXING = YES;
				GCC_C_LANGUAGE_STANDARD = gnu17;
				GCC_NO_COMMON_BLOCKS = YES;
				GCC_WARN_64_TO_32_BIT_CONVERSION = YES;
				GCC_WARN_ABOUT_RETURN_TYPE = YES_ERROR;
				GCC_WARN_UNDECLARED_SELECTOR = YES;
				GCC_WARN_UNINITIALIZED_AUTOS = YES_AGGRESSIVE;
				GCC_WARN_UNUSED_FUNCTION = YES;
				GCC_WARN_UNUSED_VARIABLE = YES;
				LOCALIZATION_PREFERS_STRING_CATALOGS = YES;
				MTL_ENABLE_DEBUG_INFO = NO;
				MTL_FAST_MATH = YES;
				SWIFT_COMPILATION_MODE = wholemodule;
			};
			name = Release;
		};
		EF2CDD802DA485CE00859F2F /* Debug */ = {
			isa = XCBuildConfiguration;
			buildSettings = {
				ASSETCATALOG_COMPILER_APPICON_NAME = AppIcon;
				ASSETCATALOG_COMPILER_GLOBAL_ACCENT_COLOR_NAME = AccentColor;
				CODE_SIGN_ENTITLEMENTS = RosettaFinSampleApp/RosettaFinSampleApp.entitlements;
				CODE_SIGN_STYLE = Automatic;
				CURRENT_PROJECT_VERSION = 1;
				DEVELOPMENT_TEAM = 63F4D7KM8P;
				ENABLE_HARDENED_RUNTIME = YES;
				ENABLE_PREVIEWS = YES;
				GENERATE_INFOPLIST_FILE = YES;
				"INFOPLIST_KEY_UIApplicationSceneManifest_Generation[sdk=iphoneos*]" = YES;
				"INFOPLIST_KEY_UIApplicationSceneManifest_Generation[sdk=iphonesimulator*]" = YES;
				"INFOPLIST_KEY_UIApplicationSupportsIndirectInputEvents[sdk=iphoneos*]" = YES;
				"INFOPLIST_KEY_UIApplicationSupportsIndirectInputEvents[sdk=iphonesimulator*]" = YES;
				"INFOPLIST_KEY_UILaunchScreen_Generation[sdk=iphoneos*]" = YES;
				"INFOPLIST_KEY_UILaunchScreen_Generation[sdk=iphonesimulator*]" = YES;
				"INFOPLIST_KEY_UIStatusBarStyle[sdk=iphoneos*]" = UIStatusBarStyleDefault;
				"INFOPLIST_KEY_UIStatusBarStyle[sdk=iphonesimulator*]" = UIStatusBarStyleDefault;
				INFOPLIST_KEY_UISupportedInterfaceOrientations_iPad = "UIInterfaceOrientationPortrait UIInterfaceOrientationPortraitUpsideDown UIInterfaceOrientationLandscapeLeft UIInterfaceOrientationLandscapeRight";
				INFOPLIST_KEY_UISupportedInterfaceOrientations_iPhone = "UIInterfaceOrientationPortrait UIInterfaceOrientationLandscapeLeft UIInterfaceOrientationLandscapeRight";
				IPHONEOS_DEPLOYMENT_TARGET = 18.0;
				LD_RUNPATH_SEARCH_PATHS = "@executable_path/Frameworks";
				"LD_RUNPATH_SEARCH_PATHS[sdk=macosx*]" = "@executable_path/../Frameworks";
				MACOSX_DEPLOYMENT_TARGET = 15.3;
				MARKETING_VERSION = 1.0;
				PRODUCT_BUNDLE_IDENTIFIER = com.kruiinc.RosettaFinSampleApp;
				PRODUCT_NAME = "$(TARGET_NAME)";
				REGISTER_APP_GROUPS = YES;
				SDKROOT = auto;
				SUPPORTED_PLATFORMS = "iphoneos iphonesimulator macosx xros xrsimulator";
				SWIFT_EMIT_LOC_STRINGS = YES;
				SWIFT_VERSION = 5.0;
				TARGETED_DEVICE_FAMILY = "1,2,7";
				XROS_DEPLOYMENT_TARGET = 2.4;
			};
			name = Debug;
		};
		EF2CDD812DA485CE00859F2F /* Release */ = {
			isa = XCBuildConfiguration;
			buildSettings = {
				ASSETCATALOG_COMPILER_APPICON_NAME = AppIcon;
				ASSETCATALOG_COMPILER_GLOBAL_ACCENT_COLOR_NAME = AccentColor;
				CODE_SIGN_ENTITLEMENTS = RosettaFinSampleApp/RosettaFinSampleApp.entitlements;
				CODE_SIGN_STYLE = Automatic;
				CURRENT_PROJECT_VERSION = 1;
				DEVELOPMENT_TEAM = 63F4D7KM8P;
				ENABLE_HARDENED_RUNTIME = YES;
				ENABLE_PREVIEWS = YES;
				GENERATE_INFOPLIST_FILE = YES;
				"INFOPLIST_KEY_UIApplicationSceneManifest_Generation[sdk=iphoneos*]" = YES;
				"INFOPLIST_KEY_UIApplicationSceneManifest_Generation[sdk=iphonesimulator*]" = YES;
				"INFOPLIST_KEY_UIApplicationSupportsIndirectInputEvents[sdk=iphoneos*]" = YES;
				"INFOPLIST_KEY_UIApplicationSupportsIndirectInputEvents[sdk=iphonesimulator*]" = YES;
				"INFOPLIST_KEY_UILaunchScreen_Generation[sdk=iphoneos*]" = YES;
				"INFOPLIST_KEY_UILaunchScreen_Generation[sdk=iphonesimulator*]" = YES;
				"INFOPLIST_KEY_UIStatusBarStyle[sdk=iphoneos*]" = UIStatusBarStyleDefault;
				"INFOPLIST_KEY_UIStatusBarStyle[sdk=iphonesimulator*]" = UIStatusBarStyleDefault;
				INFOPLIST_KEY_UISupportedInterfaceOrientations_iPad = "UIInterfaceOrientationPortrait UIInterfaceOrientationPortraitUpsideDown UIInterfaceOrientationLandscapeLeft UIInterfaceOrientationLandscapeRight";
				INFOPLIST_KEY_UISupportedInterfaceOrientations_iPhone = "UIInterfaceOrientationPortrait UIInterfaceOrientationLandscapeLeft UIInterfaceOrientationLandscapeRight";
				IPHONEOS_DEPLOYMENT_TARGET = 18.0;
				LD_RUNPATH_SEARCH_PATHS = "@executable_path/Frameworks";
				"LD_RUNPATH_SEARCH_PATHS[sdk=macosx*]" = "@executable_path/../Frameworks";
				MACOSX_DEPLOYMENT_TARGET = 15.3;
				MARKETING_VERSION = 1.0;
				PRODUCT_BUNDLE_IDENTIFIER = com.kruiinc.RosettaFinSampleApp;
				PRODUCT_NAME = "$(TARGET_NAME)";
				REGISTER_APP_GROUPS = YES;
				SDKROOT = auto;
				SUPPORTED_PLATFORMS = "iphoneos iphonesimulator macosx xros xrsimulator";
				SWIFT_EMIT_LOC_STRINGS = YES;
				SWIFT_VERSION = 5.0;
				TARGETED_DEVICE_FAMILY = "1,2,7";
				XROS_DEPLOYMENT_TARGET = 2.4;
			};
			name = Release;
		};
		EF2CDD832DA485CE00859F2F /* Debug */ = {
			isa = XCBuildConfiguration;
			buildSettings = {
				BUNDLE_LOADER = "$(TEST_HOST)";
				CODE_SIGN_STYLE = Automatic;
				CURRENT_PROJECT_VERSION = 1;
				DEVELOPMENT_TEAM = 63F4D7KM8P;
				GENERATE_INFOPLIST_FILE = YES;
				IPHONEOS_DEPLOYMENT_TARGET = 18.4;
				MACOSX_DEPLOYMENT_TARGET = 15.3;
				MARKETING_VERSION = 1.0;
				PRODUCT_BUNDLE_IDENTIFIER = com.kruiinc.RosettaFinSampleAppTests;
				PRODUCT_NAME = "$(TARGET_NAME)";
				SDKROOT = auto;
				SUPPORTED_PLATFORMS = "iphoneos iphonesimulator macosx xros xrsimulator";
				SWIFT_EMIT_LOC_STRINGS = NO;
				SWIFT_VERSION = 5.0;
				TARGETED_DEVICE_FAMILY = "1,2,7";
				TEST_HOST = "$(BUILT_PRODUCTS_DIR)/RosettaFinSampleApp.app/$(BUNDLE_EXECUTABLE_FOLDER_PATH)/RosettaFinSampleApp";
				XROS_DEPLOYMENT_TARGET = 2.4;
			};
			name = Debug;
		};
		EF2CDD842DA485CE00859F2F /* Release */ = {
			isa = XCBuildConfiguration;
			buildSettings = {
				BUNDLE_LOADER = "$(TEST_HOST)";
				CODE_SIGN_STYLE = Automatic;
				CURRENT_PROJECT_VERSION = 1;
				DEVELOPMENT_TEAM = 63F4D7KM8P;
				GENERATE_INFOPLIST_FILE = YES;
				IPHONEOS_DEPLOYMENT_TARGET = 18.4;
				MACOSX_DEPLOYMENT_TARGET = 15.3;
				MARKETING_VERSION = 1.0;
				PRODUCT_BUNDLE_IDENTIFIER = com.kruiinc.RosettaFinSampleAppTests;
				PRODUCT_NAME = "$(TARGET_NAME)";
				SDKROOT = auto;
				SUPPORTED_PLATFORMS = "iphoneos iphonesimulator macosx xros xrsimulator";
				SWIFT_EMIT_LOC_STRINGS = NO;
				SWIFT_VERSION = 5.0;
				TARGETED_DEVICE_FAMILY = "1,2,7";
				TEST_HOST = "$(BUILT_PRODUCTS_DIR)/RosettaFinSampleApp.app/$(BUNDLE_EXECUTABLE_FOLDER_PATH)/RosettaFinSampleApp";
				XROS_DEPLOYMENT_TARGET = 2.4;
			};
			name = Release;
		};
		EF2CDD862DA485CE00859F2F /* Debug */ = {
			isa = XCBuildConfiguration;
			buildSettings = {
				CODE_SIGN_STYLE = Automatic;
				CURRENT_PROJECT_VERSION = 1;
				DEVELOPMENT_TEAM = 63F4D7KM8P;
				GENERATE_INFOPLIST_FILE = YES;
				IPHONEOS_DEPLOYMENT_TARGET = 18.4;
				MACOSX_DEPLOYMENT_TARGET = 15.3;
				MARKETING_VERSION = 1.0;
				PRODUCT_BUNDLE_IDENTIFIER = com.kruiinc.RosettaFinSampleAppUITests;
				PRODUCT_NAME = "$(TARGET_NAME)";
				SDKROOT = auto;
				SUPPORTED_PLATFORMS = "iphoneos iphonesimulator macosx xros xrsimulator";
				SWIFT_EMIT_LOC_STRINGS = NO;
				SWIFT_VERSION = 5.0;
				TARGETED_DEVICE_FAMILY = "1,2,7";
				TEST_TARGET_NAME = RosettaFinSampleApp;
				XROS_DEPLOYMENT_TARGET = 2.4;
			};
			name = Debug;
		};
		EF2CDD872DA485CE00859F2F /* Release */ = {
			isa = XCBuildConfiguration;
			buildSettings = {
				CODE_SIGN_STYLE = Automatic;
				CURRENT_PROJECT_VERSION = 1;
				DEVELOPMENT_TEAM = 63F4D7KM8P;
				GENERATE_INFOPLIST_FILE = YES;
				IPHONEOS_DEPLOYMENT_TARGET = 18.4;
				MACOSX_DEPLOYMENT_TARGET = 15.3;
				MARKETING_VERSION = 1.0;
				PRODUCT_BUNDLE_IDENTIFIER = com.kruiinc.RosettaFinSampleAppUITests;
				PRODUCT_NAME = "$(TARGET_NAME)";
				SDKROOT = auto;
				SUPPORTED_PLATFORMS = "iphoneos iphonesimulator macosx xros xrsimulator";
				SWIFT_EMIT_LOC_STRINGS = NO;
				SWIFT_VERSION = 5.0;
				TARGETED_DEVICE_FAMILY = "1,2,7";
				TEST_TARGET_NAME = RosettaFinSampleApp;
				XROS_DEPLOYMENT_TARGET = 2.4;
			};
			name = Release;
		};
/* End XCBuildConfiguration section */

/* Begin XCConfigurationList section */
		EF2CDD582DA485CD00859F2F /* Build configuration list for PBXProject "RosettaFinSampleApp" */ = {
			isa = XCConfigurationList;
			buildConfigurations = (
				EF2CDD7D2DA485CE00859F2F /* Debug */,
				EF2CDD7E2DA485CE00859F2F /* Release */,
			);
			defaultConfigurationIsVisible = 0;
			defaultConfigurationName = Release;
		};
		EF2CDD7F2DA485CE00859F2F /* Build configuration list for PBXNativeTarget "RosettaFinSampleApp" */ = {
			isa = XCConfigurationList;
			buildConfigurations = (
				EF2CDD802DA485CE00859F2F /* Debug */,
				EF2CDD812DA485CE00859F2F /* Release */,
			);
			defaultConfigurationIsVisible = 0;
			defaultConfigurationName = Release;
		};
		EF2CDD822DA485CE00859F2F /* Build configuration list for PBXNativeTarget "RosettaFinSampleAppTests" */ = {
			isa = XCConfigurationList;
			buildConfigurations = (
				EF2CDD832DA485CE00859F2F /* Debug */,
				EF2CDD842DA485CE00859F2F /* Release */,
			);
			defaultConfigurationIsVisible = 0;
			defaultConfigurationName = Release;
		};
		EF2CDD852DA485CE00859F2F /* Build configuration list for PBXNativeTarget "RosettaFinSampleAppUITests" */ = {
			isa = XCConfigurationList;
			buildConfigurations = (
				EF2CDD862DA485CE00859F2F /* Debug */,
				EF2CDD872DA485CE00859F2F /* Release */,
			);
			defaultConfigurationIsVisible = 0;
			defaultConfigurationName = Release;
		};
/* End XCConfigurationList section */

/* Begin XCSwiftPackageProductDependency section */
		885A87AB2DA7FC0400717DB5 /* MediaServices */ = {
			isa = XCSwiftPackageProductDependency;
			productName = MediaServices;
		};
		885A87AF2DAFFA8500717DB5 /* StorageServices */ = {
			isa = XCSwiftPackageProductDependency;
			productName = StorageServices;
		};
/* End XCSwiftPackageProductDependency section */
	};
	rootObject = EF2CDD552DA485CD00859F2F /* Project object */;
}
